
Microsoft Visual Studio Solution File, Format Version 12.00
# Visual Studio Version 16
VisualStudioVersion = 16.0.31025.194
MinimumVisualStudioVersion = 10.0.40219.1
Project("{9A19103F-16F7-4668-BE54-9A1E7A4F7556}") = "TranzactChallenge", "TranzactChallenge\TranzactChallenge.csproj", "{30091D12-351F-462D-AED6-AA1D0DBD8356}"
EndProject
Project("{2150E333-8FDC-42A3-9474-1A3956D46DE8}") = "Presentation", "Presentation", "{522A1F97-502A-435A-98A3-2E1203080895}"
EndProject
Project("{2150E333-8FDC-42A3-9474-1A3956D46DE8}") = "ApplicationCore", "ApplicationCore", "{EDB95F94-9CDA-4CEF-93A3-06789BCCF432}"
EndProject
Project("{2150E333-8FDC-42A3-9474-1A3956D46DE8}") = "ApplicationServices", "ApplicationServices", "{F74B3E25-AE88-43FB-8F00-B00C4E230B57}"
EndProject
Project("{2150E333-8FDC-42A3-9474-1A3956D46DE8}") = "Configuration", "Configuration", "{18D9844D-43F2-4EFA-900E-60A7DB39B051}"
EndProject
Project("{2150E333-8FDC-42A3-9474-1A3956D46DE8}") = "Test", "Test", "{66B54F4B-077B-47C0-AE2C-12BDC3FA6955}"
EndProject
Project("{9A19103F-16F7-4668-BE54-9A1E7A4F7556}") = "Tranzact.Wikimedia.Core", "Tranzact.Wikimedia.Core\Tranzact.Wikimedia.Core.csproj", "{24356316-1A21-4BB2-B182-794476C28F85}"
EndProject
Project("{9A19103F-16F7-4668-BE54-9A1E7A4F7556}") = "Tranzact.Wikimedia.Services", "Tranzact.Wikimedia.Services\Tranzact.Wikimedia.Services.csproj", "{E56C6261-2A3F-4946-9397-BA6DB4D5BDB2}"
EndProject
Project("{9A19103F-16F7-4668-BE54-9A1E7A4F7556}") = "Tranzact.Wikimedia.Configuration", "Tranzact.Wikimedia.Configuration\Tranzact.Wikimedia.Configuration.csproj", "{64A5562E-B595-4ED6-B3FB-28D1E3277D9A}"
EndProject
Project("{2150E333-8FDC-42A3-9474-1A3956D46DE8}") = "Infrastructure", "Infrastructure", "{7F5CBFE7-DD66-4A33-8989-E35A74F85063}"
EndProject
Project("{9A19103F-16F7-4668-BE54-9A1E7A4F7556}") = "Tranzact.Wikimedia.Infrastructure", "Tranzact.Wikimedia.Infrastructure\Tranzact.Wikimedia.Infrastructure.csproj", "{AA05889F-2625-4F47-806A-3AE98F412507}"
EndProject
Project("{9A19103F-16F7-4668-BE54-9A1E7A4F7556}") = "Tranzact.Wikimedia.Infrastructure.Interfaces", "Tranzact.Wikimedia.Infrastructure.Intergaces\Tranzact.Wikimedia.Infrastructure.Interfaces.csproj", "{52D08497-3445-4BD2-98B6-49B218C3BA62}"
EndProject
Project("{9A19103F-16F7-4668-BE54-9A1E7A4F7556}") = "Tranzact.Wikimedia.Core.Interfaces", "Tranzact.Wikimedia.Core.Interfaces\Tranzact.Wikimedia.Core.Interfaces.csproj", "{330B99D8-E9C6-44E5-83F8-3B7BB1009E35}"
EndProject
Project("{9A19103F-16F7-4668-BE54-9A1E7A4F7556}") = "Tranzact.Wikimedia.Core.Entities", "Tranzact.Wikimedia.Core.Entities\Tranzact.Wikimedia.Core.Entities.csproj", "{10D9D4ED-463A-4820-A459-F2FCC40B3371}"
EndProject
Project("{2150E333-8FDC-42A3-9474-1A3956D46DE8}") = "Utils", "Utils", "{DB4FC7D8-7F0E-4D19-A31C-3CDD20E4B0BD}"
EndProject
Project("{9A19103F-16F7-4668-BE54-9A1E7A4F7556}") = "Tranzact.Wikimedia.Util", "Tranzact.Wikimedia.Util\Tranzact.Wikimedia.Util.csproj", "{AAB536B9-979D-4E3D-AC67-CFE3D1869D58}"
EndProject
Project("{FAE04EC0-301F-11D3-BF4B-00C04F79EFBC}") = "Tranzact.Wikimedia.Test", "Tranzact.Wikimedia.Test\Tranzact.Wikimedia.Test.csproj", "{5FC36841-5D89-4EBE-BE5A-2C1E7109CF44}"
EndProject
Global
	GlobalSection(SolutionConfigurationPlatforms) = preSolution
		Debug|Any CPU = Debug|Any CPU
		Debug|ARM = Debug|ARM
		Debug|ARM64 = Debug|ARM64
		Debug|x64 = Debug|x64
		Debug|x86 = Debug|x86
		Release|Any CPU = Release|Any CPU
		Release|ARM = Release|ARM
		Release|ARM64 = Release|ARM64
		Release|x64 = Release|x64
		Release|x86 = Release|x86
	EndGlobalSection
	GlobalSection(ProjectConfigurationPlatforms) = postSolution
		{30091D12-351F-462D-AED6-AA1D0DBD8356}.Debug|Any CPU.ActiveCfg = Debug|Any CPU
		{30091D12-351F-462D-AED6-AA1D0DBD8356}.Debug|Any CPU.Build.0 = Debug|Any CPU
		{30091D12-351F-462D-AED6-AA1D0DBD8356}.Debug|ARM.ActiveCfg = Debug|Any CPU
		{30091D12-351F-462D-AED6-AA1D0DBD8356}.Debug|ARM.Build.0 = Debug|Any CPU
		{30091D12-351F-462D-AED6-AA1D0DBD8356}.Debug|ARM64.ActiveCfg = Debug|Any CPU
		{30091D12-351F-462D-AED6-AA1D0DBD8356}.Debug|ARM64.Build.0 = Debug|Any CPU
		{30091D12-351F-462D-AED6-AA1D0DBD8356}.Debug|x64.ActiveCfg = Debug|Any CPU
		{30091D12-351F-462D-AED6-AA1D0DBD8356}.Debug|x64.Build.0 = Debug|Any CPU
		{30091D12-351F-462D-AED6-AA1D0DBD8356}.Debug|x86.ActiveCfg = Debug|Any CPU
		{30091D12-351F-462D-AED6-AA1D0DBD8356}.Debug|x86.Build.0 = Debug|Any CPU
		{30091D12-351F-462D-AED6-AA1D0DBD8356}.Release|Any CPU.ActiveCfg = Release|Any CPU
		{30091D12-351F-462D-AED6-AA1D0DBD8356}.Release|Any CPU.Build.0 = Release|Any CPU
		{30091D12-351F-462D-AED6-AA1D0DBD8356}.Release|ARM.ActiveCfg = Release|Any CPU
		{30091D12-351F-462D-AED6-AA1D0DBD8356}.Release|ARM.Build.0 = Release|Any CPU
		{30091D12-351F-462D-AED6-AA1D0DBD8356}.Release|ARM64.ActiveCfg = Release|Any CPU
		{30091D12-351F-462D-AED6-AA1D0DBD8356}.Release|ARM64.Build.0 = Release|Any CPU
		{30091D12-351F-462D-AED6-AA1D0DBD8356}.Release|x64.ActiveCfg = Release|Any CPU
		{30091D12-351F-462D-AED6-AA1D0DBD8356}.Release|x64.Build.0 = Release|Any CPU
		{30091D12-351F-462D-AED6-AA1D0DBD8356}.Release|x86.ActiveCfg = Release|Any CPU
		{30091D12-351F-462D-AED6-AA1D0DBD8356}.Release|x86.Build.0 = Release|Any CPU
		{24356316-1A21-4BB2-B182-794476C28F85}.Debug|Any CPU.ActiveCfg = Debug|Any CPU
		{24356316-1A21-4BB2-B182-794476C28F85}.Debug|Any CPU.Build.0 = Debug|Any CPU
		{24356316-1A21-4BB2-B182-794476C28F85}.Debug|ARM.ActiveCfg = Debug|Any CPU
		{24356316-1A21-4BB2-B182-794476C28F85}.Debug|ARM.Build.0 = Debug|Any CPU
		{24356316-1A21-4BB2-B182-794476C28F85}.Debug|ARM64.ActiveCfg = Debug|Any CPU
		{24356316-1A21-4BB2-B182-794476C28F85}.Debug|ARM64.Build.0 = Debug|Any CPU
		{24356316-1A21-4BB2-B182-794476C28F85}.Debug|x64.ActiveCfg = Debug|Any CPU
		{24356316-1A21-4BB2-B182-794476C28F85}.Debug|x64.Build.0 = Debug|Any CPU
		{24356316-1A21-4BB2-B182-794476C28F85}.Debug|x86.ActiveCfg = Debug|Any CPU
		{24356316-1A21-4BB2-B182-794476C28F85}.Debug|x86.Build.0 = Debug|Any CPU
		{24356316-1A21-4BB2-B182-794476C28F85}.Release|Any CPU.ActiveCfg = Release|Any CPU
		{24356316-1A21-4BB2-B182-794476C28F85}.Release|Any CPU.Build.0 = Release|Any CPU
		{24356316-1A21-4BB2-B182-794476C28F85}.Release|ARM.ActiveCfg = Release|Any CPU
		{24356316-1A21-4BB2-B182-794476C28F85}.Release|ARM.Build.0 = Release|Any CPU
		{24356316-1A21-4BB2-B182-794476C28F85}.Release|ARM64.ActiveCfg = Release|Any CPU
		{24356316-1A21-4BB2-B182-794476C28F85}.Release|ARM64.Build.0 = Release|Any CPU
		{24356316-1A21-4BB2-B182-794476C28F85}.Release|x64.ActiveCfg = Release|Any CPU
		{24356316-1A21-4BB2-B182-794476C28F85}.Release|x64.Build.0 = Release|Any CPU
		{24356316-1A21-4BB2-B182-794476C28F85}.Release|x86.ActiveCfg = Release|Any CPU
		{24356316-1A21-4BB2-B182-794476C28F85}.Release|x86.Build.0 = Release|Any CPU
		{E56C6261-2A3F-4946-9397-BA6DB4D5BDB2}.Debug|Any CPU.ActiveCfg = Debug|Any CPU
		{E56C6261-2A3F-4946-9397-BA6DB4D5BDB2}.Debug|Any CPU.Build.0 = Debug|Any CPU
		{E56C6261-2A3F-4946-9397-BA6DB4D5BDB2}.Debug|ARM.ActiveCfg = Debug|Any CPU
		{E56C6261-2A3F-4946-9397-BA6DB4D5BDB2}.Debug|ARM.Build.0 = Debug|Any CPU
		{E56C6261-2A3F-4946-9397-BA6DB4D5BDB2}.Debug|ARM64.ActiveCfg = Debug|Any CPU
		{E56C6261-2A3F-4946-9397-BA6DB4D5BDB2}.Debug|ARM64.Build.0 = Debug|Any CPU
		{E56C6261-2A3F-4946-9397-BA6DB4D5BDB2}.Debug|x64.ActiveCfg = Debug|Any CPU
		{E56C6261-2A3F-4946-9397-BA6DB4D5BDB2}.Debug|x64.Build.0 = Debug|Any CPU
		{E56C6261-2A3F-4946-9397-BA6DB4D5BDB2}.Debug|x86.ActiveCfg = Debug|Any CPU
		{E56C6261-2A3F-4946-9397-BA6DB4D5BDB2}.Debug|x86.Build.0 = Debug|Any CPU
		{E56C6261-2A3F-4946-9397-BA6DB4D5BDB2}.Release|Any CPU.ActiveCfg = Release|Any CPU
		{E56C6261-2A3F-4946-9397-BA6DB4D5BDB2}.Release|Any CPU.Build.0 = Release|Any CPU
		{E56C6261-2A3F-4946-9397-BA6DB4D5BDB2}.Release|ARM.ActiveCfg = Release|Any CPU
		{E56C6261-2A3F-4946-9397-BA6DB4D5BDB2}.Release|ARM.Build.0 = Release|Any CPU
		{E56C6261-2A3F-4946-9397-BA6DB4D5BDB2}.Release|ARM64.ActiveCfg = Release|Any CPU
		{E56C6261-2A3F-4946-9397-BA6DB4D5BDB2}.Release|ARM64.Build.0 = Release|Any CPU
		{E56C6261-2A3F-4946-9397-BA6DB4D5BDB2}.Release|x64.ActiveCfg = Release|Any CPU
		{E56C6261-2A3F-4946-9397-BA6DB4D5BDB2}.Release|x64.Build.0 = Release|Any CPU
		{E56C6261-2A3F-4946-9397-BA6DB4D5BDB2}.Release|x86.ActiveCfg = Release|Any CPU
		{E56C6261-2A3F-4946-9397-BA6DB4D5BDB2}.Release|x86.Build.0 = Release|Any CPU
		{64A5562E-B595-4ED6-B3FB-28D1E3277D9A}.Debug|Any CPU.ActiveCfg = Debug|Any CPU
		{64A5562E-B595-4ED6-B3FB-28D1E3277D9A}.Debug|Any CPU.Build.0 = Debug|Any CPU
		{64A5562E-B595-4ED6-B3FB-28D1E3277D9A}.Debug|ARM.ActiveCfg = Debug|Any CPU
		{64A5562E-B595-4ED6-B3FB-28D1E3277D9A}.Debug|ARM.Build.0 = Debug|Any CPU
		{64A5562E-B595-4ED6-B3FB-28D1E3277D9A}.Debug|ARM64.ActiveCfg = Debug|Any CPU
		{64A5562E-B595-4ED6-B3FB-28D1E3277D9A}.Debug|ARM64.Build.0 = Debug|Any CPU
		{64A5562E-B595-4ED6-B3FB-28D1E3277D9A}.Debug|x64.ActiveCfg = Debug|Any CPU
		{64A5562E-B595-4ED6-B3FB-28D1E3277D9A}.Debug|x64.Build.0 = Debug|Any CPU
		{64A5562E-B595-4ED6-B3FB-28D1E3277D9A}.Debug|x86.ActiveCfg = Debug|Any CPU
		{64A5562E-B595-4ED6-B3FB-28D1E3277D9A}.Debug|x86.Build.0 = Debug|Any CPU
		{64A5562E-B595-4ED6-B3FB-28D1E3277D9A}.Release|Any CPU.ActiveCfg = Release|Any CPU
		{64A5562E-B595-4ED6-B3FB-28D1E3277D9A}.Release|Any CPU.Build.0 = Release|Any CPU
		{64A5562E-B595-4ED6-B3FB-28D1E3277D9A}.Release|ARM.ActiveCfg = Release|Any CPU
		{64A5562E-B595-4ED6-B3FB-28D1E3277D9A}.Release|ARM.Build.0 = Release|Any CPU
		{64A5562E-B595-4ED6-B3FB-28D1E3277D9A}.Release|ARM64.ActiveCfg = Release|Any CPU
		{64A5562E-B595-4ED6-B3FB-28D1E3277D9A}.Release|ARM64.Build.0 = Release|Any CPU
		{64A5562E-B595-4ED6-B3FB-28D1E3277D9A}.Release|x64.ActiveCfg = Release|Any CPU
		{64A5562E-B595-4ED6-B3FB-28D1E3277D9A}.Release|x64.Build.0 = Release|Any CPU
		{64A5562E-B595-4ED6-B3FB-28D1E3277D9A}.Release|x86.ActiveCfg = Release|Any CPU
		{64A5562E-B595-4ED6-B3FB-28D1E3277D9A}.Release|x86.Build.0 = Release|Any CPU
		{AA05889F-2625-4F47-806A-3AE98F412507}.Debug|Any CPU.ActiveCfg = Debug|Any CPU
		{AA05889F-2625-4F47-806A-3AE98F412507}.Debug|Any CPU.Build.0 = Debug|Any CPU
		{AA05889F-2625-4F47-806A-3AE98F412507}.Debug|ARM.ActiveCfg = Debug|Any CPU
		{AA05889F-2625-4F47-806A-3AE98F412507}.Debug|ARM.Build.0 = Debug|Any CPU
		{AA05889F-2625-4F47-806A-3AE98F412507}.Debug|ARM64.ActiveCfg = Debug|Any CPU
		{AA05889F-2625-4F47-806A-3AE98F412507}.Debug|ARM64.Build.0 = Debug|Any CPU
		{AA05889F-2625-4F47-806A-3AE98F412507}.Debug|x64.ActiveCfg = Debug|Any CPU
		{AA05889F-2625-4F47-806A-3AE98F412507}.Debug|x64.Build.0 = Debug|Any CPU
		{AA05889F-2625-4F47-806A-3AE98F412507}.Debug|x86.ActiveCfg = Debug|Any CPU
		{AA05889F-2625-4F47-806A-3AE98F412507}.Debug|x86.Build.0 = Debug|Any CPU
		{AA05889F-2625-4F47-806A-3AE98F412507}.Release|Any CPU.ActiveCfg = Release|Any CPU
		{AA05889F-2625-4F47-806A-3AE98F412507}.Release|Any CPU.Build.0 = Release|Any CPU
		{AA05889F-2625-4F47-806A-3AE98F412507}.Release|ARM.ActiveCfg = Release|Any CPU
		{AA05889F-2625-4F47-806A-3AE98F412507}.Release|ARM.Build.0 = Release|Any CPU
		{AA05889F-2625-4F47-806A-3AE98F412507}.Release|ARM64.ActiveCfg = Release|Any CPU
		{AA05889F-2625-4F47-806A-3AE98F412507}.Release|ARM64.Build.0 = Release|Any CPU
		{AA05889F-2625-4F47-806A-3AE98F412507}.Release|x64.ActiveCfg = Release|Any CPU
		{AA05889F-2625-4F47-806A-3AE98F412507}.Release|x64.Build.0 = Release|Any CPU
		{AA05889F-2625-4F47-806A-3AE98F412507}.Release|x86.ActiveCfg = Release|Any CPU
		{AA05889F-2625-4F47-806A-3AE98F412507}.Release|x86.Build.0 = Release|Any CPU
		{52D08497-3445-4BD2-98B6-49B218C3BA62}.Debug|Any CPU.ActiveCfg = Debug|Any CPU
		{52D08497-3445-4BD2-98B6-49B218C3BA62}.Debug|Any CPU.Build.0 = Debug|Any CPU
		{52D08497-3445-4BD2-98B6-49B218C3BA62}.Debug|ARM.ActiveCfg = Debug|Any CPU
		{52D08497-3445-4BD2-98B6-49B218C3BA62}.Debug|ARM.Build.0 = Debug|Any CPU
		{52D08497-3445-4BD2-98B6-49B218C3BA62}.Debug|ARM64.ActiveCfg = Debug|Any CPU
		{52D08497-3445-4BD2-98B6-49B218C3BA62}.Debug|ARM64.Build.0 = Debug|Any CPU
		{52D08497-3445-4BD2-98B6-49B218C3BA62}.Debug|x64.ActiveCfg = Debug|Any CPU
		{52D08497-3445-4BD2-98B6-49B218C3BA62}.Debug|x64.Build.0 = Debug|Any CPU
		{52D08497-3445-4BD2-98B6-49B218C3BA62}.Debug|x86.ActiveCfg = Debug|Any CPU
		{52D08497-3445-4BD2-98B6-49B218C3BA62}.Debug|x86.Build.0 = Debug|Any CPU
		{52D08497-3445-4BD2-98B6-49B218C3BA62}.Release|Any CPU.ActiveCfg = Release|Any CPU
		{52D08497-3445-4BD2-98B6-49B218C3BA62}.Release|Any CPU.Build.0 = Release|Any CPU
		{52D08497-3445-4BD2-98B6-49B218C3BA62}.Release|ARM.ActiveCfg = Release|Any CPU
		{52D08497-3445-4BD2-98B6-49B218C3BA62}.Release|ARM.Build.0 = Release|Any CPU
		{52D08497-3445-4BD2-98B6-49B218C3BA62}.Release|ARM64.ActiveCfg = Release|Any CPU
		{52D08497-3445-4BD2-98B6-49B218C3BA62}.Release|ARM64.Build.0 = Release|Any CPU
		{52D08497-3445-4BD2-98B6-49B218C3BA62}.Release|x64.ActiveCfg = Release|Any CPU
		{52D08497-3445-4BD2-98B6-49B218C3BA62}.Release|x64.Build.0 = Release|Any CPU
		{52D08497-3445-4BD2-98B6-49B218C3BA62}.Release|x86.ActiveCfg = Release|Any CPU
		{52D08497-3445-4BD2-98B6-49B218C3BA62}.Release|x86.Build.0 = Release|Any CPU
		{330B99D8-E9C6-44E5-83F8-3B7BB1009E35}.Debug|Any CPU.ActiveCfg = Debug|Any CPU
		{330B99D8-E9C6-44E5-83F8-3B7BB1009E35}.Debug|Any CPU.Build.0 = Debug|Any CPU
		{330B99D8-E9C6-44E5-83F8-3B7BB1009E35}.Debug|ARM.ActiveCfg = Debug|Any CPU
		{330B99D8-E9C6-44E5-83F8-3B7BB1009E35}.Debug|ARM.Build.0 = Debug|Any CPU
		{330B99D8-E9C6-44E5-83F8-3B7BB1009E35}.Debug|ARM64.ActiveCfg = Debug|Any CPU
		{330B99D8-E9C6-44E5-83F8-3B7BB1009E35}.Debug|ARM64.Build.0 = Debug|Any CPU
		{330B99D8-E9C6-44E5-83F8-3B7BB1009E35}.Debug|x64.ActiveCfg = Debug|Any CPU
		{330B99D8-E9C6-44E5-83F8-3B7BB1009E35}.Debug|x64.Build.0 = Debug|Any CPU
		{330B99D8-E9C6-44E5-83F8-3B7BB1009E35}.Debug|x86.ActiveCfg = Debug|Any CPU
		{330B99D8-E9C6-44E5-83F8-3B7BB1009E35}.Debug|x86.Build.0 = Debug|Any CPU
		{330B99D8-E9C6-44E5-83F8-3B7BB1009E35}.Release|Any CPU.ActiveCfg = Release|Any CPU
		{330B99D8-E9C6-44E5-83F8-3B7BB1009E35}.Release|Any CPU.Build.0 = Release|Any CPU
		{330B99D8-E9C6-44E5-83F8-3B7BB1009E35}.Release|ARM.ActiveCfg = Release|Any CPU
		{330B99D8-E9C6-44E5-83F8-3B7BB1009E35}.Release|ARM.Build.0 = Release|Any CPU
		{330B99D8-E9C6-44E5-83F8-3B7BB1009E35}.Release|ARM64.ActiveCfg = Release|Any CPU
		{330B99D8-E9C6-44E5-83F8-3B7BB1009E35}.Release|ARM64.Build.0 = Release|Any CPU
		{330B99D8-E9C6-44E5-83F8-3B7BB1009E35}.Release|x64.ActiveCfg = Release|Any CPU
		{330B99D8-E9C6-44E5-83F8-3B7BB1009E35}.Release|x64.Build.0 = Release|Any CPU
		{330B99D8-E9C6-44E5-83F8-3B7BB1009E35}.Release|x86.ActiveCfg = Release|Any CPU
		{330B99D8-E9C6-44E5-83F8-3B7BB1009E35}.Release|x86.Build.0 = Release|Any CPU
		{10D9D4ED-463A-4820-A459-F2FCC40B3371}.Debug|Any CPU.ActiveCfg = Debug|Any CPU
		{10D9D4ED-463A-4820-A459-F2FCC40B3371}.Debug|Any CPU.Build.0 = Debug|Any CPU
		{10D9D4ED-463A-4820-A459-F2FCC40B3371}.Debug|ARM.ActiveCfg = Debug|Any CPU
		{10D9D4ED-463A-4820-A459-F2FCC40B3371}.Debug|ARM.Build.0 = Debug|Any CPU
		{10D9D4ED-463A-4820-A459-F2FCC40B3371}.Debug|ARM64.ActiveCfg = Debug|Any CPU
		{10D9D4ED-463A-4820-A459-F2FCC40B3371}.Debug|ARM64.Build.0 = Debug|Any CPU
		{10D9D4ED-463A-4820-A459-F2FCC40B3371}.Debug|x64.ActiveCfg = Debug|Any CPU
		{10D9D4ED-463A-4820-A459-F2FCC40B3371}.Debug|x64.Build.0 = Debug|Any CPU
		{10D9D4ED-463A-4820-A459-F2FCC40B3371}.Debug|x86.ActiveCfg = Debug|Any CPU
		{10D9D4ED-463A-4820-A459-F2FCC40B3371}.Debug|x86.Build.0 = Debug|Any CPU
		{10D9D4ED-463A-4820-A459-F2FCC40B3371}.Release|Any CPU.ActiveCfg = Release|Any CPU
		{10D9D4ED-463A-4820-A459-F2FCC40B3371}.Release|Any CPU.Build.0 = Release|Any CPU
		{10D9D4ED-463A-4820-A459-F2FCC40B3371}.Release|ARM.ActiveCfg = Release|Any CPU
		{10D9D4ED-463A-4820-A459-F2FCC40B3371}.Release|ARM.Build.0 = Release|Any CPU
		{10D9D4ED-463A-4820-A459-F2FCC40B3371}.Release|ARM64.ActiveCfg = Release|Any CPU
		{10D9D4ED-463A-4820-A459-F2FCC40B3371}.Release|ARM64.Build.0 = Release|Any CPU
		{10D9D4ED-463A-4820-A459-F2FCC40B3371}.Release|x64.ActiveCfg = Release|Any CPU
		{10D9D4ED-463A-4820-A459-F2FCC40B3371}.Release|x64.Build.0 = Release|Any CPU
		{10D9D4ED-463A-4820-A459-F2FCC40B3371}.Release|x86.ActiveCfg = Release|Any CPU
		{10D9D4ED-463A-4820-A459-F2FCC40B3371}.Release|x86.Build.0 = Release|Any CPU
		{AAB536B9-979D-4E3D-AC67-CFE3D1869D58}.Debug|Any CPU.ActiveCfg = Debug|Any CPU
		{AAB536B9-979D-4E3D-AC67-CFE3D1869D58}.Debug|Any CPU.Build.0 = Debug|Any CPU
		{AAB536B9-979D-4E3D-AC67-CFE3D1869D58}.Debug|ARM.ActiveCfg = Debug|Any CPU
		{AAB536B9-979D-4E3D-AC67-CFE3D1869D58}.Debug|ARM.Build.0 = Debug|Any CPU
		{AAB536B9-979D-4E3D-AC67-CFE3D1869D58}.Debug|ARM64.ActiveCfg = Debug|Any CPU
		{AAB536B9-979D-4E3D-AC67-CFE3D1869D58}.Debug|ARM64.Build.0 = Debug|Any CPU
		{AAB536B9-979D-4E3D-AC67-CFE3D1869D58}.Debug|x64.ActiveCfg = Debug|Any CPU
		{AAB536B9-979D-4E3D-AC67-CFE3D1869D58}.Debug|x64.Build.0 = Debug|Any CPU
		{AAB536B9-979D-4E3D-AC67-CFE3D1869D58}.Debug|x86.ActiveCfg = Debug|Any CPU
		{AAB536B9-979D-4E3D-AC67-CFE3D1869D58}.Debug|x86.Build.0 = Debug|Any CPU
		{AAB536B9-979D-4E3D-AC67-CFE3D1869D58}.Release|Any CPU.ActiveCfg = Release|Any CPU
		{AAB536B9-979D-4E3D-AC67-CFE3D1869D58}.Release|Any CPU.Build.0 = Release|Any CPU
		{AAB536B9-979D-4E3D-AC67-CFE3D1869D58}.Release|ARM.ActiveCfg = Release|Any CPU
		{AAB536B9-979D-4E3D-AC67-CFE3D1869D58}.Release|ARM.Build.0 = Release|Any CPU
		{AAB536B9-979D-4E3D-AC67-CFE3D1869D58}.Release|ARM64.ActiveCfg = Release|Any CPU
		{AAB536B9-979D-4E3D-AC67-CFE3D1869D58}.Release|ARM64.Build.0 = Release|Any CPU
		{AAB536B9-979D-4E3D-AC67-CFE3D1869D58}.Release|x64.ActiveCfg = Release|Any CPU
		{AAB536B9-979D-4E3D-AC67-CFE3D1869D58}.Release|x64.Build.0 = Release|Any CPU
		{AAB536B9-979D-4E3D-AC67-CFE3D1869D58}.Release|x86.ActiveCfg = Release|Any CPU
		{AAB536B9-979D-4E3D-AC67-CFE3D1869D58}.Release|x86.Build.0 = Release|Any CPU
		{5FC36841-5D89-4EBE-BE5A-2C1E7109CF44}.Debug|Any CPU.ActiveCfg = Debug|Any CPU
		{5FC36841-5D89-4EBE-BE5A-2C1E7109CF44}.Debug|Any CPU.Build.0 = Debug|Any CPU
		{5FC36841-5D89-4EBE-BE5A-2C1E7109CF44}.Debug|ARM.ActiveCfg = Debug|Any CPU
		{5FC36841-5D89-4EBE-BE5A-2C1E7109CF44}.Debug|ARM.Build.0 = Debug|Any CPU
		{5FC36841-5D89-4EBE-BE5A-2C1E7109CF44}.Debug|ARM64.ActiveCfg = Debug|Any CPU
		{5FC36841-5D89-4EBE-BE5A-2C1E7109CF44}.Debug|ARM64.Build.0 = Debug|Any CPU
		{5FC36841-5D89-4EBE-BE5A-2C1E7109CF44}.Debug|x64.ActiveCfg = Debug|Any CPU
		{5FC36841-5D89-4EBE-BE5A-2C1E7109CF44}.Debug|x64.Build.0 = Debug|Any CPU
		{5FC36841-5D89-4EBE-BE5A-2C1E7109CF44}.Debug|x86.ActiveCfg = Debug|Any CPU
		{5FC36841-5D89-4EBE-BE5A-2C1E7109CF44}.Debug|x86.Build.0 = Debug|Any CPU
		{5FC36841-5D89-4EBE-BE5A-2C1E7109CF44}.Release|Any CPU.ActiveCfg = Release|Any CPU
		{5FC36841-5D89-4EBE-BE5A-2C1E7109CF44}.Release|Any CPU.Build.0 = Release|Any CPU
		{5FC36841-5D89-4EBE-BE5A-2C1E7109CF44}.Release|ARM.ActiveCfg = Release|Any CPU
		{5FC36841-5D89-4EBE-BE5A-2C1E7109CF44}.Release|ARM.Build.0 = Release|Any CPU
		{5FC36841-5D89-4EBE-BE5A-2C1E7109CF44}.Release|ARM64.ActiveCfg = Release|Any CPU
		{5FC36841-5D89-4EBE-BE5A-2C1E7109CF44}.Release|ARM64.Build.0 = Release|Any CPU
		{5FC36841-5D89-4EBE-BE5A-2C1E7109CF44}.Release|x64.ActiveCfg = Release|Any CPU
		{5FC36841-5D89-4EBE-BE5A-2C1E7109CF44}.Release|x64.Build.0 = Release|Any CPU
		{5FC36841-5D89-4EBE-BE5A-2C1E7109CF44}.Release|x86.ActiveCfg = Release|Any CPU
		{5FC36841-5D89-4EBE-BE5A-2C1E7109CF44}.Release|x86.Build.0 = Release|Any CPU
	EndGlobalSection
	GlobalSection(SolutionProperties) = preSolution
		HideSolutionNode = FALSE
	EndGlobalSection
	GlobalSection(NestedProjects) = preSolution
		{30091D12-351F-462D-AED6-AA1D0DBD8356} = {522A1F97-502A-435A-98A3-2E1203080895}
		{24356316-1A21-4BB2-B182-794476C28F85} = {EDB95F94-9CDA-4CEF-93A3-06789BCCF432}
		{E56C6261-2A3F-4946-9397-BA6DB4D5BDB2} = {F74B3E25-AE88-43FB-8F00-B00C4E230B57}
		{64A5562E-B595-4ED6-B3FB-28D1E3277D9A} = {18D9844D-43F2-4EFA-900E-60A7DB39B051}
		{AA05889F-2625-4F47-806A-3AE98F412507} = {7F5CBFE7-DD66-4A33-8989-E35A74F85063}
		{52D08497-3445-4BD2-98B6-49B218C3BA62} = {7F5CBFE7-DD66-4A33-8989-E35A74F85063}
		{330B99D8-E9C6-44E5-83F8-3B7BB1009E35} = {EDB95F94-9CDA-4CEF-93A3-06789BCCF432}
		{10D9D4ED-463A-4820-A459-F2FCC40B3371} = {EDB95F94-9CDA-4CEF-93A3-06789BCCF432}
		{AAB536B9-979D-4E3D-AC67-CFE3D1869D58} = {DB4FC7D8-7F0E-4D19-A31C-3CDD20E4B0BD}
		{5FC36841-5D89-4EBE-BE5A-2C1E7109CF44} = {66B54F4B-077B-47C0-AE2C-12BDC3FA6955}
	EndGlobalSection
	GlobalSection(ExtensibilityGlobals) = postSolution
		SolutionGuid = {581F8526-D5B9-417E-9EB4-6AFE8353914E}
	EndGlobalSection
EndGlobal
